
Microsoft Visual Studio Solution File, Format Version 12.00
# Visual Studio Version 17
VisualStudioVersion = 17.5.33502.453
MinimumVisualStudioVersion = 10.0.40219.1
Project("{FAE04EC0-301F-11D3-BF4B-00C04F79EFBC}") = "weabpp", "weabpp\weabpp.csproj", "{2F7B5669-8DE7-4612-A449-86288E656BA1}"
EndProject
Global
	GlobalSection(SolutionConfigurationPlatforms) = preSolution
		Debug|Any CPU = Debug|Any CPU
		Release|Any CPU = Release|Any CPU
	EndGlobalSection
	GlobalSection(ProjectConfigurationPlatforms) = postSolution
		{2F7B5669-8DE7-4612-A449-86288E656BA1}.Debug|Any CPU.ActiveCfg = Debug|Any CPU
		{2F7B5669-8DE7-4612-A449-86288E656BA1}.Debug|Any CPU.Build.0 = Debug|Any CPU
		{2F7B5669-8DE7-4612-A449-86288E656BA1}.Release|Any CPU.ActiveCfg = Release|Any CPU
		{2F7B5669-8DE7-4612-A449-86288E656BA1}.Release|Any CPU.Build.0 = Release|Any CPU
	EndGlobalSection
	GlobalSection(SolutionProperties) = preSolution
		HideSolutionNode = FALSE
	EndGlobalSection
	GlobalSection(ExtensibilityGlobals) = postSolution
		SolutionGuid = {5CBA189A-33FB-4031-A122-9D92F6895315}
	EndGlobalSection
EndGlobal
